
Microsoft Visual Studio Solution File, Format Version 12.00
# Visual Studio 15
VisualStudioVersion = 15.0.33801.198
MinimumVisualStudioVersion = 10.0.40219.1
Project("{FAE04EC0-301F-11D3-BF4B-00C04F79EFBC}") = "matri", "matri\matri.csproj", "{60E23324-D669-44F6-A3B9-087439781DCA}"
EndProject
Global
	GlobalSection(SolutionConfigurationPlatforms) = preSolution
		Debug|Any CPU = Debug|Any CPU
		Release|Any CPU = Release|Any CPU
	EndGlobalSection
	GlobalSection(ProjectConfigurationPlatforms) = postSolution
		{60E23324-D669-44F6-A3B9-087439781DCA}.Debug|Any CPU.ActiveCfg = Debug|Any CPU
		{60E23324-D669-44F6-A3B9-087439781DCA}.Debug|Any CPU.Build.0 = Debug|Any CPU
		{60E23324-D669-44F6-A3B9-087439781DCA}.Release|Any CPU.ActiveCfg = Release|Any CPU
		{60E23324-D669-44F6-A3B9-087439781DCA}.Release|Any CPU.Build.0 = Release|Any CPU
	EndGlobalSection
	GlobalSection(SolutionProperties) = preSolution
		HideSolutionNode = FALSE
	EndGlobalSection
	GlobalSection(ExtensibilityGlobals) = postSolution
		SolutionGuid = {C0973F57-6B87-48AB-B72D-FD6CE6BD4925}
	EndGlobalSection
EndGlobal
